
Microsoft Visual Studio Solution File, Format Version 12.00
# Visual Studio Version 17
VisualStudioVersion = 17.10.35013.160
MinimumVisualStudioVersion = 10.0.40219.1
Project("{FAE04EC0-301F-11D3-BF4B-00C04F79EFBC}") = "QuizMaker", "QuizMaker.csproj", "{7EC1DE6D-3269-4938-BD58-C4D6C9112A6D}"
EndProject
Global
	GlobalSection(SolutionConfigurationPlatforms) = preSolution
		Debug|Any CPU = Debug|Any CPU
		Release|Any CPU = Release|Any CPU
	EndGlobalSection
	GlobalSection(ProjectConfigurationPlatforms) = postSolution
		{7EC1DE6D-3269-4938-BD58-C4D6C9112A6D}.Debug|Any CPU.ActiveCfg = Debug|Any CPU
		{7EC1DE6D-3269-4938-BD58-C4D6C9112A6D}.Debug|Any CPU.Build.0 = Debug|Any CPU
		{7EC1DE6D-3269-4938-BD58-C4D6C9112A6D}.Release|Any CPU.ActiveCfg = Release|Any CPU
		{7EC1DE6D-3269-4938-BD58-C4D6C9112A6D}.Release|Any CPU.Build.0 = Release|Any CPU
	EndGlobalSection
	GlobalSection(SolutionProperties) = preSolution
		HideSolutionNode = FALSE
	EndGlobalSection
	GlobalSection(ExtensibilityGlobals) = postSolution
		SolutionGuid = {B7626B74-9986-48B4-BCA3-A1F39CC8448E}
	EndGlobalSection
EndGlobal
